
Microsoft Visual Studio Solution File, Format Version 12.00
# Visual Studio Version 18
VisualStudioVersion = 18.3.11222.16
MinimumVisualStudioVersion = 10.0.40219.1
Project("{FAE04EC0-301F-11D3-BF4B-00C04F79EFBC}") = "InfernumAbyssGenPatch", "InfernumAbyssGenPatch.csproj", "{1669DB93-7D6E-53AF-91E8-7A6BE9421B83}"
EndProject
Global
	GlobalSection(SolutionConfigurationPlatforms) = preSolution
		Debug|Any CPU = Debug|Any CPU
		Release|Any CPU = Release|Any CPU
	EndGlobalSection
	GlobalSection(ProjectConfigurationPlatforms) = postSolution
		{1669DB93-7D6E-53AF-91E8-7A6BE9421B83}.Debug|Any CPU.ActiveCfg = Debug|Any CPU
		{1669DB93-7D6E-53AF-91E8-7A6BE9421B83}.Debug|Any CPU.Build.0 = Debug|Any CPU
		{1669DB93-7D6E-53AF-91E8-7A6BE9421B83}.Release|Any CPU.ActiveCfg = Release|Any CPU
		{1669DB93-7D6E-53AF-91E8-7A6BE9421B83}.Release|Any CPU.Build.0 = Release|Any CPU
	EndGlobalSection
	GlobalSection(SolutionProperties) = preSolution
		HideSolutionNode = FALSE
	EndGlobalSection
	GlobalSection(ExtensibilityGlobals) = postSolution
		SolutionGuid = {59EA893B-A25D-4EA9-812A-317C8C4200DD}
	EndGlobalSection
EndGlobal
